
Microsoft Visual Studio Solution File, Format Version 12.00
# Visual Studio Version 16
VisualStudioVersion = 25.0.1706.4
MinimumVisualStudioVersion = 10.0.40219.1
Project("{FAE04EC0-301F-11D3-BF4B-00C04F79EFBC}") = "OptimizingLastMile", "OptimizingLastMile\OptimizingLastMile.csproj", "{C89E8375-712B-43D7-9BCD-F46B53CC3093}"
EndProject
Global
	GlobalSection(SolutionConfigurationPlatforms) = preSolution
		Debug|Any CPU = Debug|Any CPU
		Release|Any CPU = Release|Any CPU
	EndGlobalSection
	GlobalSection(ProjectConfigurationPlatforms) = postSolution
		{C89E8375-712B-43D7-9BCD-F46B53CC3093}.Debug|Any CPU.ActiveCfg = Debug|Any CPU
		{C89E8375-712B-43D7-9BCD-F46B53CC3093}.Debug|Any CPU.Build.0 = Debug|Any CPU
		{C89E8375-712B-43D7-9BCD-F46B53CC3093}.Release|Any CPU.ActiveCfg = Release|Any CPU
		{C89E8375-712B-43D7-9BCD-F46B53CC3093}.Release|Any CPU.Build.0 = Release|Any CPU
	EndGlobalSection
	GlobalSection(SolutionProperties) = preSolution
		HideSolutionNode = FALSE
	EndGlobalSection
	GlobalSection(ExtensibilityGlobals) = postSolution
		SolutionGuid = {71F838A3-E251-4ECC-906F-1715ED90B695}
	EndGlobalSection
EndGlobal
